
Microsoft Visual Studio Solution File, Format Version 12.00
# Visual Studio 2012
Project("{FAE04EC0-301F-11D3-BF4B-00C04F79EFBC}") = "Reign.Core", "Reign.Core\Reign.Core.csproj", "{B8DFCD38-4370-43F8-925B-87A13C51DEF2}"
EndProject
Project("{FAE04EC0-301F-11D3-BF4B-00C04F79EFBC}") = "Reign.Video", "Reign.Video\Reign.Video.csproj", "{245841D3-A4BD-4976-AD41-82A94F3EEC9C}"
EndProject
Project("{8BC9CEB8-8B4A-11D0-8D11-00A0C91BC942}") = "Reign_Video_D3D11_Component", "Reign_Video_D3D11_Component\Reign_Video_D3D11_Component.vcxproj", "{9B007A7D-A6BA-4D6A-A868-660400EDE8C6}"
EndProject
Project("{FAE04EC0-301F-11D3-BF4B-00C04F79EFBC}") = "Reign.Video.D3D11", "Reign.Video.D3D11\Reign.Video.D3D11.csproj", "{DFC8C6D7-C45B-487F-BDB6-37BE28672575}"
EndProject
Project("{FAE04EC0-301F-11D3-BF4B-00C04F79EFBC}") = "Reign.Video.API", "Reign.Video.API\Reign.Video.API.csproj", "{7477499B-FFC5-479E-BA51-C0727060986E}"
EndProject
Global
	GlobalSection(SolutionConfigurationPlatforms) = preSolution
		Debug|Any CPU = Debug|Any CPU
		Debug|ARM = Debug|ARM
		Release|Any CPU = Release|Any CPU
		Release|ARM = Release|ARM
	EndGlobalSection
	GlobalSection(ProjectConfigurationPlatforms) = postSolution
		{B8DFCD38-4370-43F8-925B-87A13C51DEF2}.Debug|Any CPU.ActiveCfg = Debug|Any CPU
		{B8DFCD38-4370-43F8-925B-87A13C51DEF2}.Debug|Any CPU.Build.0 = Debug|Any CPU
		{B8DFCD38-4370-43F8-925B-87A13C51DEF2}.Debug|ARM.ActiveCfg = Debug|ARM
		{B8DFCD38-4370-43F8-925B-87A13C51DEF2}.Debug|ARM.Build.0 = Debug|ARM
		{B8DFCD38-4370-43F8-925B-87A13C51DEF2}.Release|Any CPU.ActiveCfg = Release|Any CPU
		{B8DFCD38-4370-43F8-925B-87A13C51DEF2}.Release|Any CPU.Build.0 = Release|Any CPU
		{B8DFCD38-4370-43F8-925B-87A13C51DEF2}.Release|ARM.ActiveCfg = Release|ARM
		{B8DFCD38-4370-43F8-925B-87A13C51DEF2}.Release|ARM.Build.0 = Release|ARM
		{245841D3-A4BD-4976-AD41-82A94F3EEC9C}.Debug|Any CPU.ActiveCfg = Debug|Any CPU
		{245841D3-A4BD-4976-AD41-82A94F3EEC9C}.Debug|Any CPU.Build.0 = Debug|Any CPU
		{245841D3-A4BD-4976-AD41-82A94F3EEC9C}.Debug|ARM.ActiveCfg = Debug|ARM
		{245841D3-A4BD-4976-AD41-82A94F3EEC9C}.Debug|ARM.Build.0 = Debug|ARM
		{245841D3-A4BD-4976-AD41-82A94F3EEC9C}.Release|Any CPU.ActiveCfg = Release|Any CPU
		{245841D3-A4BD-4976-AD41-82A94F3EEC9C}.Release|Any CPU.Build.0 = Release|Any CPU
		{245841D3-A4BD-4976-AD41-82A94F3EEC9C}.Release|ARM.ActiveCfg = Release|ARM
		{245841D3-A4BD-4976-AD41-82A94F3EEC9C}.Release|ARM.Build.0 = Release|ARM
		{9B007A7D-A6BA-4D6A-A868-660400EDE8C6}.Debug|Any CPU.ActiveCfg = Debug|Win32
		{9B007A7D-A6BA-4D6A-A868-660400EDE8C6}.Debug|ARM.ActiveCfg = Debug|ARM
		{9B007A7D-A6BA-4D6A-A868-660400EDE8C6}.Debug|ARM.Build.0 = Debug|ARM
		{9B007A7D-A6BA-4D6A-A868-660400EDE8C6}.Release|Any CPU.ActiveCfg = Release|Win32
		{9B007A7D-A6BA-4D6A-A868-660400EDE8C6}.Release|ARM.ActiveCfg = Release|ARM
		{9B007A7D-A6BA-4D6A-A868-660400EDE8C6}.Release|ARM.Build.0 = Release|ARM
		{DFC8C6D7-C45B-487F-BDB6-37BE28672575}.Debug|Any CPU.ActiveCfg = Debug|Any CPU
		{DFC8C6D7-C45B-487F-BDB6-37BE28672575}.Debug|Any CPU.Build.0 = Debug|Any CPU
		{DFC8C6D7-C45B-487F-BDB6-37BE28672575}.Debug|ARM.ActiveCfg = Debug|ARM
		{DFC8C6D7-C45B-487F-BDB6-37BE28672575}.Debug|ARM.Build.0 = Debug|ARM
		{DFC8C6D7-C45B-487F-BDB6-37BE28672575}.Release|Any CPU.ActiveCfg = Release|Any CPU
		{DFC8C6D7-C45B-487F-BDB6-37BE28672575}.Release|Any CPU.Build.0 = Release|Any CPU
		{DFC8C6D7-C45B-487F-BDB6-37BE28672575}.Release|ARM.ActiveCfg = Release|ARM
		{DFC8C6D7-C45B-487F-BDB6-37BE28672575}.Release|ARM.Build.0 = Release|ARM
		{7477499B-FFC5-479E-BA51-C0727060986E}.Debug|Any CPU.ActiveCfg = Debug|Any CPU
		{7477499B-FFC5-479E-BA51-C0727060986E}.Debug|Any CPU.Build.0 = Debug|Any CPU
		{7477499B-FFC5-479E-BA51-C0727060986E}.Debug|ARM.ActiveCfg = Debug|ARM
		{7477499B-FFC5-479E-BA51-C0727060986E}.Debug|ARM.Build.0 = Debug|ARM
		{7477499B-FFC5-479E-BA51-C0727060986E}.Release|Any CPU.ActiveCfg = Release|Any CPU
		{7477499B-FFC5-479E-BA51-C0727060986E}.Release|Any CPU.Build.0 = Release|Any CPU
		{7477499B-FFC5-479E-BA51-C0727060986E}.Release|ARM.ActiveCfg = Release|ARM
		{7477499B-FFC5-479E-BA51-C0727060986E}.Release|ARM.Build.0 = Release|ARM
	EndGlobalSection
	GlobalSection(SolutionProperties) = preSolution
		HideSolutionNode = FALSE
	EndGlobalSection
EndGlobal
