
Microsoft Visual Studio Solution File, Format Version 11.00
# Visual Studio 2010
Project("{FAE04EC0-301F-11D3-BF4B-00C04F79EFBC}") = "Reign.Core", "Reign.Core\Reign.Core.csproj", "{3C1E902C-B902-4064-8F60-AE81074C5618}"
EndProject
Project("{FAE04EC0-301F-11D3-BF4B-00C04F79EFBC}") = "Reign.Input", "Reign.Input\Reign.Input.csproj", "{C0C44646-EED6-4603-AC93-711156C77C12}"
EndProject
Project("{FAE04EC0-301F-11D3-BF4B-00C04F79EFBC}") = "Reign.Input.Cocoa", "Reign.Input.Cocoa\Reign.Input.Cocoa.csproj", "{10F0713D-F9D6-42CA-B9E9-54D5AEE7DF94}"
EndProject
Project("{FAE04EC0-301F-11D3-BF4B-00C04F79EFBC}") = "Reign.Input.API", "Reign.Input.API\Reign.Input.API.csproj", "{886F92C4-2D29-40EE-89B4-E5A096FEFC5D}"
EndProject
Project("{FAE04EC0-301F-11D3-BF4B-00C04F79EFBC}") = "Reign.Audio", "Reign.Audio\Reign.Audio.csproj", "{953B7A7D-4297-4E04-8D1E-C47D73FF8BE5}"
EndProject
Project("{FAE04EC0-301F-11D3-BF4B-00C04F79EFBC}") = "Reign.Audio.Cocoa", "Reign.Audio.Cocoa\Reign.Audio.Cocoa.csproj", "{0E773461-41C7-41F8-A867-E9B8BF2C5D16}"
EndProject
Project("{FAE04EC0-301F-11D3-BF4B-00C04F79EFBC}") = "Reign.Audio.API", "Reign.Audio.API\Reign.Audio.API.csproj", "{364D839B-D677-4B34-AE28-F7B33D56DCBF}"
EndProject
Project("{FAE04EC0-301F-11D3-BF4B-00C04F79EFBC}") = "Reign.Video", "Reign.Video\Reign.Video.csproj", "{82392161-8D42-4826-95D6-CC957CA5383D}"
EndProject
Project("{FAE04EC0-301F-11D3-BF4B-00C04F79EFBC}") = "Reign.Video.OpenGL", "Reign.Video.OpenGL\Reign.Video.OpenGL.csproj", "{FBFE3A49-4E68-4D10-9546-D94CB71BAA18}"
EndProject
Project("{FAE04EC0-301F-11D3-BF4B-00C04F79EFBC}") = "Reign.Video.API", "Reign.Video.API\Reign.Video.API.csproj", "{4CCACEA9-C471-4FD8-A23A-635E7D02702B}"
EndProject
Project("{FAE04EC0-301F-11D3-BF4B-00C04F79EFBC}") = "Reign.Audio.Dumby", "Reign.Audio.Dumby\Reign.Audio.Dumby.csproj", "{8BAE50CF-1E8F-40B7-BB4B-9E4FA996A5B2}"
EndProject
Global
	GlobalSection(SolutionConfigurationPlatforms) = preSolution
		Debug|Any CPU = Debug|Any CPU
		Release|Any CPU = Release|Any CPU
	EndGlobalSection
	GlobalSection(ProjectConfigurationPlatforms) = postSolution
		{0E773461-41C7-41F8-A867-E9B8BF2C5D16}.Debug|Any CPU.ActiveCfg = Debug|Any CPU
		{0E773461-41C7-41F8-A867-E9B8BF2C5D16}.Debug|Any CPU.Build.0 = Debug|Any CPU
		{0E773461-41C7-41F8-A867-E9B8BF2C5D16}.Release|Any CPU.ActiveCfg = Release|Any CPU
		{0E773461-41C7-41F8-A867-E9B8BF2C5D16}.Release|Any CPU.Build.0 = Release|Any CPU
		{10F0713D-F9D6-42CA-B9E9-54D5AEE7DF94}.Debug|Any CPU.ActiveCfg = Debug|Any CPU
		{10F0713D-F9D6-42CA-B9E9-54D5AEE7DF94}.Debug|Any CPU.Build.0 = Debug|Any CPU
		{10F0713D-F9D6-42CA-B9E9-54D5AEE7DF94}.Release|Any CPU.ActiveCfg = Release|Any CPU
		{10F0713D-F9D6-42CA-B9E9-54D5AEE7DF94}.Release|Any CPU.Build.0 = Release|Any CPU
		{364D839B-D677-4B34-AE28-F7B33D56DCBF}.Debug|Any CPU.ActiveCfg = Debug|Any CPU
		{364D839B-D677-4B34-AE28-F7B33D56DCBF}.Debug|Any CPU.Build.0 = Debug|Any CPU
		{364D839B-D677-4B34-AE28-F7B33D56DCBF}.Release|Any CPU.ActiveCfg = Release|Any CPU
		{364D839B-D677-4B34-AE28-F7B33D56DCBF}.Release|Any CPU.Build.0 = Release|Any CPU
		{3C1E902C-B902-4064-8F60-AE81074C5618}.Debug|Any CPU.ActiveCfg = Debug|Any CPU
		{3C1E902C-B902-4064-8F60-AE81074C5618}.Debug|Any CPU.Build.0 = Debug|Any CPU
		{3C1E902C-B902-4064-8F60-AE81074C5618}.Release|Any CPU.ActiveCfg = Release|Any CPU
		{3C1E902C-B902-4064-8F60-AE81074C5618}.Release|Any CPU.Build.0 = Release|Any CPU
		{4CCACEA9-C471-4FD8-A23A-635E7D02702B}.Debug|Any CPU.ActiveCfg = Debug|Any CPU
		{4CCACEA9-C471-4FD8-A23A-635E7D02702B}.Debug|Any CPU.Build.0 = Debug|Any CPU
		{4CCACEA9-C471-4FD8-A23A-635E7D02702B}.Release|Any CPU.ActiveCfg = Release|Any CPU
		{4CCACEA9-C471-4FD8-A23A-635E7D02702B}.Release|Any CPU.Build.0 = Release|Any CPU
		{82392161-8D42-4826-95D6-CC957CA5383D}.Debug|Any CPU.ActiveCfg = Debug|Any CPU
		{82392161-8D42-4826-95D6-CC957CA5383D}.Debug|Any CPU.Build.0 = Debug|Any CPU
		{82392161-8D42-4826-95D6-CC957CA5383D}.Release|Any CPU.ActiveCfg = Release|Any CPU
		{82392161-8D42-4826-95D6-CC957CA5383D}.Release|Any CPU.Build.0 = Release|Any CPU
		{886F92C4-2D29-40EE-89B4-E5A096FEFC5D}.Debug|Any CPU.ActiveCfg = Debug|Any CPU
		{886F92C4-2D29-40EE-89B4-E5A096FEFC5D}.Debug|Any CPU.Build.0 = Debug|Any CPU
		{886F92C4-2D29-40EE-89B4-E5A096FEFC5D}.Release|Any CPU.ActiveCfg = Release|Any CPU
		{886F92C4-2D29-40EE-89B4-E5A096FEFC5D}.Release|Any CPU.Build.0 = Release|Any CPU
		{8BAE50CF-1E8F-40B7-BB4B-9E4FA996A5B2}.Debug|Any CPU.ActiveCfg = Debug|Any CPU
		{8BAE50CF-1E8F-40B7-BB4B-9E4FA996A5B2}.Debug|Any CPU.Build.0 = Debug|Any CPU
		{8BAE50CF-1E8F-40B7-BB4B-9E4FA996A5B2}.Release|Any CPU.ActiveCfg = Release|Any CPU
		{8BAE50CF-1E8F-40B7-BB4B-9E4FA996A5B2}.Release|Any CPU.Build.0 = Release|Any CPU
		{953B7A7D-4297-4E04-8D1E-C47D73FF8BE5}.Debug|Any CPU.ActiveCfg = Debug|Any CPU
		{953B7A7D-4297-4E04-8D1E-C47D73FF8BE5}.Debug|Any CPU.Build.0 = Debug|Any CPU
		{953B7A7D-4297-4E04-8D1E-C47D73FF8BE5}.Release|Any CPU.ActiveCfg = Release|Any CPU
		{953B7A7D-4297-4E04-8D1E-C47D73FF8BE5}.Release|Any CPU.Build.0 = Release|Any CPU
		{C0C44646-EED6-4603-AC93-711156C77C12}.Debug|Any CPU.ActiveCfg = Debug|Any CPU
		{C0C44646-EED6-4603-AC93-711156C77C12}.Debug|Any CPU.Build.0 = Debug|Any CPU
		{C0C44646-EED6-4603-AC93-711156C77C12}.Release|Any CPU.ActiveCfg = Release|Any CPU
		{C0C44646-EED6-4603-AC93-711156C77C12}.Release|Any CPU.Build.0 = Release|Any CPU
		{FBFE3A49-4E68-4D10-9546-D94CB71BAA18}.Debug|Any CPU.ActiveCfg = Debug|Any CPU
		{FBFE3A49-4E68-4D10-9546-D94CB71BAA18}.Debug|Any CPU.Build.0 = Debug|Any CPU
		{FBFE3A49-4E68-4D10-9546-D94CB71BAA18}.Release|Any CPU.ActiveCfg = Release|Any CPU
		{FBFE3A49-4E68-4D10-9546-D94CB71BAA18}.Release|Any CPU.Build.0 = Release|Any CPU
	EndGlobalSection
	GlobalSection(MonoDevelopProperties) = preSolution
		StartupItem = Reign.Core\Reign.Core.csproj
	EndGlobalSection
EndGlobal
