
Microsoft Visual Studio Solution File, Format Version 12.00
# Visual Studio 2012
Project("{FAE04EC0-301F-11D3-BF4B-00C04F79EFBC}") = "Reign.Core", "Reign.Core\Reign.Core.csproj", "{329D771A-B22D-41CE-ADB7-5131C9AC5382}"
EndProject
Project("{FAE04EC0-301F-11D3-BF4B-00C04F79EFBC}") = "Reign.Video", "Reign.Video\Reign.Video.csproj", "{3D046C74-B564-4624-9731-E5DBB99CBDD7}"
EndProject
Project("{FAE04EC0-301F-11D3-BF4B-00C04F79EFBC}") = "Reign.Video.D3D11", "Reign.Video.D3D11\Reign.Video.D3D11.csproj", "{EDA02D4D-3385-43B7-AAA6-FB0852B673A5}"
EndProject
Project("{8BC9CEB8-8B4A-11D0-8D11-00A0C91BC942}") = "Reign_Video_D3D11_Component", "Reign_Video_D3D11_Component\Reign_Video_D3D11_Component.vcxproj", "{8205AB2D-C1D3-458C-A672-5C65F712D9A8}"
EndProject
Project("{FAE04EC0-301F-11D3-BF4B-00C04F79EFBC}") = "Reign.Video.API", "Reign.Video.API\Reign.Video.API.csproj", "{D79CF63E-402F-430E-B9AE-CFE61D2F44DC}"
EndProject
Project("{FAE04EC0-301F-11D3-BF4B-00C04F79EFBC}") = "Reign.Input", "Reign.Input\Reign.Input.csproj", "{273851ED-8100-4B44-81C2-2D810EEA2365}"
EndProject
Project("{FAE04EC0-301F-11D3-BF4B-00C04F79EFBC}") = "Reign.Input.Metro", "Reign.Input.Metro\Reign.Input.Metro.csproj", "{24FF688E-65E0-40AC-AA15-20ED1E96B5A0}"
EndProject
Project("{FAE04EC0-301F-11D3-BF4B-00C04F79EFBC}") = "Reign.Input.API", "Reign.Input.API\Reign.Input.API.csproj", "{15055B1A-752E-4BBC-A40F-2C139FF6BB03}"
EndProject
Project("{FAE04EC0-301F-11D3-BF4B-00C04F79EFBC}") = "Reign.Audio", "Reign.Audio\Reign.Audio.csproj", "{05CF2968-64DE-4F4F-9524-54E0C18A46A1}"
EndProject
Project("{FAE04EC0-301F-11D3-BF4B-00C04F79EFBC}") = "Reign.Audio.Dumby", "Reign.Audio.Dumby\Reign.Audio.Dumby.csproj", "{2B85E054-D76B-4D26-9B89-8B34E20A4A9E}"
EndProject
Project("{FAE04EC0-301F-11D3-BF4B-00C04F79EFBC}") = "Reign.Audio.XAudio", "Reign.Audio.XAudio\Reign.Audio.XAudio.csproj", "{AE022815-C7B3-46C7-B444-3F488E44F6F8}"
EndProject
Project("{8BC9CEB8-8B4A-11D0-8D11-00A0C91BC942}") = "Reign_Audio_XAudio_Component", "Reign_Audio_XAudio_Component\Reign_Audio_XAudio_Component.vcxproj", "{20BA4895-407D-4364-A3BC-58F6F4AF1978}"
EndProject
Project("{FAE04EC0-301F-11D3-BF4B-00C04F79EFBC}") = "Reign.Audio.API", "Reign.Audio.API\Reign.Audio.API.csproj", "{561EADB8-3E1F-4E2F-83BF-D0F7D0A1065E}"
EndProject
Project("{FAE04EC0-301F-11D3-BF4B-00C04F79EFBC}") = "Reign.Physics.Jitter", "Reign.Physics.Jitter\Reign.Physics.Jitter.csproj", "{246ABEFC-4F81-4AA9-9CC2-5D84DFC64E33}"
EndProject
Global
	GlobalSection(SolutionConfigurationPlatforms) = preSolution
		Debug|Any CPU = Debug|Any CPU
		Debug|ARM = Debug|ARM
		Debug|Mixed Platforms = Debug|Mixed Platforms
		Debug|Win32 = Debug|Win32
		Debug|x64 = Debug|x64
		Debug|x86 = Debug|x86
		Release|Any CPU = Release|Any CPU
		Release|ARM = Release|ARM
		Release|Mixed Platforms = Release|Mixed Platforms
		Release|Win32 = Release|Win32
		Release|x64 = Release|x64
		Release|x86 = Release|x86
	EndGlobalSection
	GlobalSection(ProjectConfigurationPlatforms) = postSolution
		{329D771A-B22D-41CE-ADB7-5131C9AC5382}.Debug|Any CPU.ActiveCfg = Debug|Any CPU
		{329D771A-B22D-41CE-ADB7-5131C9AC5382}.Debug|Any CPU.Build.0 = Debug|Any CPU
		{329D771A-B22D-41CE-ADB7-5131C9AC5382}.Debug|ARM.ActiveCfg = Debug|ARM
		{329D771A-B22D-41CE-ADB7-5131C9AC5382}.Debug|ARM.Build.0 = Debug|ARM
		{329D771A-B22D-41CE-ADB7-5131C9AC5382}.Debug|Mixed Platforms.ActiveCfg = Debug|x86
		{329D771A-B22D-41CE-ADB7-5131C9AC5382}.Debug|Mixed Platforms.Build.0 = Debug|x86
		{329D771A-B22D-41CE-ADB7-5131C9AC5382}.Debug|Win32.ActiveCfg = Debug|x86
		{329D771A-B22D-41CE-ADB7-5131C9AC5382}.Debug|Win32.Build.0 = Debug|x86
		{329D771A-B22D-41CE-ADB7-5131C9AC5382}.Debug|x64.ActiveCfg = Debug|x64
		{329D771A-B22D-41CE-ADB7-5131C9AC5382}.Debug|x64.Build.0 = Debug|x64
		{329D771A-B22D-41CE-ADB7-5131C9AC5382}.Debug|x86.ActiveCfg = Debug|x86
		{329D771A-B22D-41CE-ADB7-5131C9AC5382}.Debug|x86.Build.0 = Debug|x86
		{329D771A-B22D-41CE-ADB7-5131C9AC5382}.Release|Any CPU.ActiveCfg = Release|Any CPU
		{329D771A-B22D-41CE-ADB7-5131C9AC5382}.Release|Any CPU.Build.0 = Release|Any CPU
		{329D771A-B22D-41CE-ADB7-5131C9AC5382}.Release|ARM.ActiveCfg = Release|ARM
		{329D771A-B22D-41CE-ADB7-5131C9AC5382}.Release|ARM.Build.0 = Release|ARM
		{329D771A-B22D-41CE-ADB7-5131C9AC5382}.Release|Mixed Platforms.ActiveCfg = Release|x86
		{329D771A-B22D-41CE-ADB7-5131C9AC5382}.Release|Mixed Platforms.Build.0 = Release|x86
		{329D771A-B22D-41CE-ADB7-5131C9AC5382}.Release|Win32.ActiveCfg = Release|x86
		{329D771A-B22D-41CE-ADB7-5131C9AC5382}.Release|Win32.Build.0 = Release|x86
		{329D771A-B22D-41CE-ADB7-5131C9AC5382}.Release|x64.ActiveCfg = Release|x64
		{329D771A-B22D-41CE-ADB7-5131C9AC5382}.Release|x64.Build.0 = Release|x64
		{329D771A-B22D-41CE-ADB7-5131C9AC5382}.Release|x86.ActiveCfg = Release|x86
		{329D771A-B22D-41CE-ADB7-5131C9AC5382}.Release|x86.Build.0 = Release|x86
		{3D046C74-B564-4624-9731-E5DBB99CBDD7}.Debug|Any CPU.ActiveCfg = Debug|Any CPU
		{3D046C74-B564-4624-9731-E5DBB99CBDD7}.Debug|Any CPU.Build.0 = Debug|Any CPU
		{3D046C74-B564-4624-9731-E5DBB99CBDD7}.Debug|ARM.ActiveCfg = Debug|ARM
		{3D046C74-B564-4624-9731-E5DBB99CBDD7}.Debug|ARM.Build.0 = Debug|ARM
		{3D046C74-B564-4624-9731-E5DBB99CBDD7}.Debug|Mixed Platforms.ActiveCfg = Debug|x86
		{3D046C74-B564-4624-9731-E5DBB99CBDD7}.Debug|Mixed Platforms.Build.0 = Debug|x86
		{3D046C74-B564-4624-9731-E5DBB99CBDD7}.Debug|Win32.ActiveCfg = Debug|x86
		{3D046C74-B564-4624-9731-E5DBB99CBDD7}.Debug|Win32.Build.0 = Debug|x86
		{3D046C74-B564-4624-9731-E5DBB99CBDD7}.Debug|x64.ActiveCfg = Debug|x64
		{3D046C74-B564-4624-9731-E5DBB99CBDD7}.Debug|x64.Build.0 = Debug|x64
		{3D046C74-B564-4624-9731-E5DBB99CBDD7}.Debug|x86.ActiveCfg = Debug|x86
		{3D046C74-B564-4624-9731-E5DBB99CBDD7}.Debug|x86.Build.0 = Debug|x86
		{3D046C74-B564-4624-9731-E5DBB99CBDD7}.Release|Any CPU.ActiveCfg = Release|Any CPU
		{3D046C74-B564-4624-9731-E5DBB99CBDD7}.Release|Any CPU.Build.0 = Release|Any CPU
		{3D046C74-B564-4624-9731-E5DBB99CBDD7}.Release|ARM.ActiveCfg = Release|ARM
		{3D046C74-B564-4624-9731-E5DBB99CBDD7}.Release|ARM.Build.0 = Release|ARM
		{3D046C74-B564-4624-9731-E5DBB99CBDD7}.Release|Mixed Platforms.ActiveCfg = Release|x86
		{3D046C74-B564-4624-9731-E5DBB99CBDD7}.Release|Mixed Platforms.Build.0 = Release|x86
		{3D046C74-B564-4624-9731-E5DBB99CBDD7}.Release|Win32.ActiveCfg = Release|x86
		{3D046C74-B564-4624-9731-E5DBB99CBDD7}.Release|Win32.Build.0 = Release|x86
		{3D046C74-B564-4624-9731-E5DBB99CBDD7}.Release|x64.ActiveCfg = Release|x64
		{3D046C74-B564-4624-9731-E5DBB99CBDD7}.Release|x64.Build.0 = Release|x64
		{3D046C74-B564-4624-9731-E5DBB99CBDD7}.Release|x86.ActiveCfg = Release|x86
		{3D046C74-B564-4624-9731-E5DBB99CBDD7}.Release|x86.Build.0 = Release|x86
		{EDA02D4D-3385-43B7-AAA6-FB0852B673A5}.Debug|Any CPU.ActiveCfg = Debug|Any CPU
		{EDA02D4D-3385-43B7-AAA6-FB0852B673A5}.Debug|Any CPU.Build.0 = Debug|Any CPU
		{EDA02D4D-3385-43B7-AAA6-FB0852B673A5}.Debug|ARM.ActiveCfg = Debug|ARM
		{EDA02D4D-3385-43B7-AAA6-FB0852B673A5}.Debug|ARM.Build.0 = Debug|ARM
		{EDA02D4D-3385-43B7-AAA6-FB0852B673A5}.Debug|Mixed Platforms.ActiveCfg = Debug|x86
		{EDA02D4D-3385-43B7-AAA6-FB0852B673A5}.Debug|Mixed Platforms.Build.0 = Debug|x86
		{EDA02D4D-3385-43B7-AAA6-FB0852B673A5}.Debug|Win32.ActiveCfg = Debug|x86
		{EDA02D4D-3385-43B7-AAA6-FB0852B673A5}.Debug|Win32.Build.0 = Debug|x86
		{EDA02D4D-3385-43B7-AAA6-FB0852B673A5}.Debug|x64.ActiveCfg = Debug|x64
		{EDA02D4D-3385-43B7-AAA6-FB0852B673A5}.Debug|x64.Build.0 = Debug|x64
		{EDA02D4D-3385-43B7-AAA6-FB0852B673A5}.Debug|x86.ActiveCfg = Debug|x86
		{EDA02D4D-3385-43B7-AAA6-FB0852B673A5}.Debug|x86.Build.0 = Debug|x86
		{EDA02D4D-3385-43B7-AAA6-FB0852B673A5}.Release|Any CPU.ActiveCfg = Release|Any CPU
		{EDA02D4D-3385-43B7-AAA6-FB0852B673A5}.Release|Any CPU.Build.0 = Release|Any CPU
		{EDA02D4D-3385-43B7-AAA6-FB0852B673A5}.Release|ARM.ActiveCfg = Release|ARM
		{EDA02D4D-3385-43B7-AAA6-FB0852B673A5}.Release|ARM.Build.0 = Release|ARM
		{EDA02D4D-3385-43B7-AAA6-FB0852B673A5}.Release|Mixed Platforms.ActiveCfg = Release|x86
		{EDA02D4D-3385-43B7-AAA6-FB0852B673A5}.Release|Mixed Platforms.Build.0 = Release|x86
		{EDA02D4D-3385-43B7-AAA6-FB0852B673A5}.Release|Win32.ActiveCfg = Release|x86
		{EDA02D4D-3385-43B7-AAA6-FB0852B673A5}.Release|Win32.Build.0 = Release|x86
		{EDA02D4D-3385-43B7-AAA6-FB0852B673A5}.Release|x64.ActiveCfg = Release|x64
		{EDA02D4D-3385-43B7-AAA6-FB0852B673A5}.Release|x64.Build.0 = Release|x64
		{EDA02D4D-3385-43B7-AAA6-FB0852B673A5}.Release|x86.ActiveCfg = Release|x86
		{EDA02D4D-3385-43B7-AAA6-FB0852B673A5}.Release|x86.Build.0 = Release|x86
		{8205AB2D-C1D3-458C-A672-5C65F712D9A8}.Debug|Any CPU.ActiveCfg = Debug|Win32
		{8205AB2D-C1D3-458C-A672-5C65F712D9A8}.Debug|ARM.ActiveCfg = Debug|ARM
		{8205AB2D-C1D3-458C-A672-5C65F712D9A8}.Debug|ARM.Build.0 = Debug|ARM
		{8205AB2D-C1D3-458C-A672-5C65F712D9A8}.Debug|Mixed Platforms.ActiveCfg = Debug|Win32
		{8205AB2D-C1D3-458C-A672-5C65F712D9A8}.Debug|Mixed Platforms.Build.0 = Debug|Win32
		{8205AB2D-C1D3-458C-A672-5C65F712D9A8}.Debug|Win32.ActiveCfg = Debug|Win32
		{8205AB2D-C1D3-458C-A672-5C65F712D9A8}.Debug|Win32.Build.0 = Debug|Win32
		{8205AB2D-C1D3-458C-A672-5C65F712D9A8}.Debug|x64.ActiveCfg = Debug|x64
		{8205AB2D-C1D3-458C-A672-5C65F712D9A8}.Debug|x64.Build.0 = Debug|x64
		{8205AB2D-C1D3-458C-A672-5C65F712D9A8}.Debug|x86.ActiveCfg = Debug|Win32
		{8205AB2D-C1D3-458C-A672-5C65F712D9A8}.Debug|x86.Build.0 = Debug|Win32
		{8205AB2D-C1D3-458C-A672-5C65F712D9A8}.Release|Any CPU.ActiveCfg = Release|Win32
		{8205AB2D-C1D3-458C-A672-5C65F712D9A8}.Release|ARM.ActiveCfg = Release|ARM
		{8205AB2D-C1D3-458C-A672-5C65F712D9A8}.Release|ARM.Build.0 = Release|ARM
		{8205AB2D-C1D3-458C-A672-5C65F712D9A8}.Release|Mixed Platforms.ActiveCfg = Release|Win32
		{8205AB2D-C1D3-458C-A672-5C65F712D9A8}.Release|Mixed Platforms.Build.0 = Release|Win32
		{8205AB2D-C1D3-458C-A672-5C65F712D9A8}.Release|Win32.ActiveCfg = Release|Win32
		{8205AB2D-C1D3-458C-A672-5C65F712D9A8}.Release|Win32.Build.0 = Release|Win32
		{8205AB2D-C1D3-458C-A672-5C65F712D9A8}.Release|x64.ActiveCfg = Release|x64
		{8205AB2D-C1D3-458C-A672-5C65F712D9A8}.Release|x64.Build.0 = Release|x64
		{8205AB2D-C1D3-458C-A672-5C65F712D9A8}.Release|x86.ActiveCfg = Release|Win32
		{8205AB2D-C1D3-458C-A672-5C65F712D9A8}.Release|x86.Build.0 = Release|Win32
		{D79CF63E-402F-430E-B9AE-CFE61D2F44DC}.Debug|Any CPU.ActiveCfg = Debug|Any CPU
		{D79CF63E-402F-430E-B9AE-CFE61D2F44DC}.Debug|Any CPU.Build.0 = Debug|Any CPU
		{D79CF63E-402F-430E-B9AE-CFE61D2F44DC}.Debug|ARM.ActiveCfg = Debug|ARM
		{D79CF63E-402F-430E-B9AE-CFE61D2F44DC}.Debug|ARM.Build.0 = Debug|ARM
		{D79CF63E-402F-430E-B9AE-CFE61D2F44DC}.Debug|Mixed Platforms.ActiveCfg = Debug|x86
		{D79CF63E-402F-430E-B9AE-CFE61D2F44DC}.Debug|Mixed Platforms.Build.0 = Debug|x86
		{D79CF63E-402F-430E-B9AE-CFE61D2F44DC}.Debug|Win32.ActiveCfg = Debug|x86
		{D79CF63E-402F-430E-B9AE-CFE61D2F44DC}.Debug|Win32.Build.0 = Debug|x86
		{D79CF63E-402F-430E-B9AE-CFE61D2F44DC}.Debug|x64.ActiveCfg = Debug|x64
		{D79CF63E-402F-430E-B9AE-CFE61D2F44DC}.Debug|x64.Build.0 = Debug|x64
		{D79CF63E-402F-430E-B9AE-CFE61D2F44DC}.Debug|x86.ActiveCfg = Debug|x86
		{D79CF63E-402F-430E-B9AE-CFE61D2F44DC}.Debug|x86.Build.0 = Debug|x86
		{D79CF63E-402F-430E-B9AE-CFE61D2F44DC}.Release|Any CPU.ActiveCfg = Release|Any CPU
		{D79CF63E-402F-430E-B9AE-CFE61D2F44DC}.Release|Any CPU.Build.0 = Release|Any CPU
		{D79CF63E-402F-430E-B9AE-CFE61D2F44DC}.Release|ARM.ActiveCfg = Release|ARM
		{D79CF63E-402F-430E-B9AE-CFE61D2F44DC}.Release|ARM.Build.0 = Release|ARM
		{D79CF63E-402F-430E-B9AE-CFE61D2F44DC}.Release|Mixed Platforms.ActiveCfg = Release|x86
		{D79CF63E-402F-430E-B9AE-CFE61D2F44DC}.Release|Mixed Platforms.Build.0 = Release|x86
		{D79CF63E-402F-430E-B9AE-CFE61D2F44DC}.Release|Win32.ActiveCfg = Release|x86
		{D79CF63E-402F-430E-B9AE-CFE61D2F44DC}.Release|Win32.Build.0 = Release|x86
		{D79CF63E-402F-430E-B9AE-CFE61D2F44DC}.Release|x64.ActiveCfg = Release|x64
		{D79CF63E-402F-430E-B9AE-CFE61D2F44DC}.Release|x64.Build.0 = Release|x64
		{D79CF63E-402F-430E-B9AE-CFE61D2F44DC}.Release|x86.ActiveCfg = Release|x86
		{D79CF63E-402F-430E-B9AE-CFE61D2F44DC}.Release|x86.Build.0 = Release|x86
		{273851ED-8100-4B44-81C2-2D810EEA2365}.Debug|Any CPU.ActiveCfg = Debug|Any CPU
		{273851ED-8100-4B44-81C2-2D810EEA2365}.Debug|Any CPU.Build.0 = Debug|Any CPU
		{273851ED-8100-4B44-81C2-2D810EEA2365}.Debug|ARM.ActiveCfg = Debug|ARM
		{273851ED-8100-4B44-81C2-2D810EEA2365}.Debug|ARM.Build.0 = Debug|ARM
		{273851ED-8100-4B44-81C2-2D810EEA2365}.Debug|Mixed Platforms.ActiveCfg = Debug|x86
		{273851ED-8100-4B44-81C2-2D810EEA2365}.Debug|Mixed Platforms.Build.0 = Debug|x86
		{273851ED-8100-4B44-81C2-2D810EEA2365}.Debug|Win32.ActiveCfg = Debug|x86
		{273851ED-8100-4B44-81C2-2D810EEA2365}.Debug|Win32.Build.0 = Debug|x86
		{273851ED-8100-4B44-81C2-2D810EEA2365}.Debug|x64.ActiveCfg = Debug|x64
		{273851ED-8100-4B44-81C2-2D810EEA2365}.Debug|x64.Build.0 = Debug|x64
		{273851ED-8100-4B44-81C2-2D810EEA2365}.Debug|x86.ActiveCfg = Debug|x86
		{273851ED-8100-4B44-81C2-2D810EEA2365}.Debug|x86.Build.0 = Debug|x86
		{273851ED-8100-4B44-81C2-2D810EEA2365}.Release|Any CPU.ActiveCfg = Release|Any CPU
		{273851ED-8100-4B44-81C2-2D810EEA2365}.Release|Any CPU.Build.0 = Release|Any CPU
		{273851ED-8100-4B44-81C2-2D810EEA2365}.Release|ARM.ActiveCfg = Release|ARM
		{273851ED-8100-4B44-81C2-2D810EEA2365}.Release|ARM.Build.0 = Release|ARM
		{273851ED-8100-4B44-81C2-2D810EEA2365}.Release|Mixed Platforms.ActiveCfg = Release|x86
		{273851ED-8100-4B44-81C2-2D810EEA2365}.Release|Mixed Platforms.Build.0 = Release|x86
		{273851ED-8100-4B44-81C2-2D810EEA2365}.Release|Win32.ActiveCfg = Release|x86
		{273851ED-8100-4B44-81C2-2D810EEA2365}.Release|Win32.Build.0 = Release|x86
		{273851ED-8100-4B44-81C2-2D810EEA2365}.Release|x64.ActiveCfg = Release|x64
		{273851ED-8100-4B44-81C2-2D810EEA2365}.Release|x64.Build.0 = Release|x64
		{273851ED-8100-4B44-81C2-2D810EEA2365}.Release|x86.ActiveCfg = Release|x86
		{273851ED-8100-4B44-81C2-2D810EEA2365}.Release|x86.Build.0 = Release|x86
		{24FF688E-65E0-40AC-AA15-20ED1E96B5A0}.Debug|Any CPU.ActiveCfg = Debug|Any CPU
		{24FF688E-65E0-40AC-AA15-20ED1E96B5A0}.Debug|Any CPU.Build.0 = Debug|Any CPU
		{24FF688E-65E0-40AC-AA15-20ED1E96B5A0}.Debug|ARM.ActiveCfg = Debug|ARM
		{24FF688E-65E0-40AC-AA15-20ED1E96B5A0}.Debug|ARM.Build.0 = Debug|ARM
		{24FF688E-65E0-40AC-AA15-20ED1E96B5A0}.Debug|Mixed Platforms.ActiveCfg = Debug|x86
		{24FF688E-65E0-40AC-AA15-20ED1E96B5A0}.Debug|Mixed Platforms.Build.0 = Debug|x86
		{24FF688E-65E0-40AC-AA15-20ED1E96B5A0}.Debug|Win32.ActiveCfg = Debug|x86
		{24FF688E-65E0-40AC-AA15-20ED1E96B5A0}.Debug|Win32.Build.0 = Debug|x86
		{24FF688E-65E0-40AC-AA15-20ED1E96B5A0}.Debug|x64.ActiveCfg = Debug|x64
		{24FF688E-65E0-40AC-AA15-20ED1E96B5A0}.Debug|x64.Build.0 = Debug|x64
		{24FF688E-65E0-40AC-AA15-20ED1E96B5A0}.Debug|x86.ActiveCfg = Debug|x86
		{24FF688E-65E0-40AC-AA15-20ED1E96B5A0}.Debug|x86.Build.0 = Debug|x86
		{24FF688E-65E0-40AC-AA15-20ED1E96B5A0}.Release|Any CPU.ActiveCfg = Release|Any CPU
		{24FF688E-65E0-40AC-AA15-20ED1E96B5A0}.Release|Any CPU.Build.0 = Release|Any CPU
		{24FF688E-65E0-40AC-AA15-20ED1E96B5A0}.Release|ARM.ActiveCfg = Release|ARM
		{24FF688E-65E0-40AC-AA15-20ED1E96B5A0}.Release|ARM.Build.0 = Release|ARM
		{24FF688E-65E0-40AC-AA15-20ED1E96B5A0}.Release|Mixed Platforms.ActiveCfg = Release|x86
		{24FF688E-65E0-40AC-AA15-20ED1E96B5A0}.Release|Mixed Platforms.Build.0 = Release|x86
		{24FF688E-65E0-40AC-AA15-20ED1E96B5A0}.Release|Win32.ActiveCfg = Release|x86
		{24FF688E-65E0-40AC-AA15-20ED1E96B5A0}.Release|Win32.Build.0 = Release|x86
		{24FF688E-65E0-40AC-AA15-20ED1E96B5A0}.Release|x64.ActiveCfg = Release|x64
		{24FF688E-65E0-40AC-AA15-20ED1E96B5A0}.Release|x64.Build.0 = Release|x64
		{24FF688E-65E0-40AC-AA15-20ED1E96B5A0}.Release|x86.ActiveCfg = Release|x86
		{24FF688E-65E0-40AC-AA15-20ED1E96B5A0}.Release|x86.Build.0 = Release|x86
		{15055B1A-752E-4BBC-A40F-2C139FF6BB03}.Debug|Any CPU.ActiveCfg = Debug|Any CPU
		{15055B1A-752E-4BBC-A40F-2C139FF6BB03}.Debug|Any CPU.Build.0 = Debug|Any CPU
		{15055B1A-752E-4BBC-A40F-2C139FF6BB03}.Debug|ARM.ActiveCfg = Debug|ARM
		{15055B1A-752E-4BBC-A40F-2C139FF6BB03}.Debug|ARM.Build.0 = Debug|ARM
		{15055B1A-752E-4BBC-A40F-2C139FF6BB03}.Debug|Mixed Platforms.ActiveCfg = Debug|x86
		{15055B1A-752E-4BBC-A40F-2C139FF6BB03}.Debug|Mixed Platforms.Build.0 = Debug|x86
		{15055B1A-752E-4BBC-A40F-2C139FF6BB03}.Debug|Win32.ActiveCfg = Debug|x86
		{15055B1A-752E-4BBC-A40F-2C139FF6BB03}.Debug|Win32.Build.0 = Debug|x86
		{15055B1A-752E-4BBC-A40F-2C139FF6BB03}.Debug|x64.ActiveCfg = Debug|x64
		{15055B1A-752E-4BBC-A40F-2C139FF6BB03}.Debug|x64.Build.0 = Debug|x64
		{15055B1A-752E-4BBC-A40F-2C139FF6BB03}.Debug|x86.ActiveCfg = Debug|x86
		{15055B1A-752E-4BBC-A40F-2C139FF6BB03}.Debug|x86.Build.0 = Debug|x86
		{15055B1A-752E-4BBC-A40F-2C139FF6BB03}.Release|Any CPU.ActiveCfg = Release|Any CPU
		{15055B1A-752E-4BBC-A40F-2C139FF6BB03}.Release|Any CPU.Build.0 = Release|Any CPU
		{15055B1A-752E-4BBC-A40F-2C139FF6BB03}.Release|ARM.ActiveCfg = Release|ARM
		{15055B1A-752E-4BBC-A40F-2C139FF6BB03}.Release|ARM.Build.0 = Release|ARM
		{15055B1A-752E-4BBC-A40F-2C139FF6BB03}.Release|Mixed Platforms.ActiveCfg = Release|x86
		{15055B1A-752E-4BBC-A40F-2C139FF6BB03}.Release|Mixed Platforms.Build.0 = Release|x86
		{15055B1A-752E-4BBC-A40F-2C139FF6BB03}.Release|Win32.ActiveCfg = Release|x86
		{15055B1A-752E-4BBC-A40F-2C139FF6BB03}.Release|Win32.Build.0 = Release|x86
		{15055B1A-752E-4BBC-A40F-2C139FF6BB03}.Release|x64.ActiveCfg = Release|x64
		{15055B1A-752E-4BBC-A40F-2C139FF6BB03}.Release|x64.Build.0 = Release|x64
		{15055B1A-752E-4BBC-A40F-2C139FF6BB03}.Release|x86.ActiveCfg = Release|x86
		{15055B1A-752E-4BBC-A40F-2C139FF6BB03}.Release|x86.Build.0 = Release|x86
		{05CF2968-64DE-4F4F-9524-54E0C18A46A1}.Debug|Any CPU.ActiveCfg = Debug|Any CPU
		{05CF2968-64DE-4F4F-9524-54E0C18A46A1}.Debug|Any CPU.Build.0 = Debug|Any CPU
		{05CF2968-64DE-4F4F-9524-54E0C18A46A1}.Debug|ARM.ActiveCfg = Debug|ARM
		{05CF2968-64DE-4F4F-9524-54E0C18A46A1}.Debug|ARM.Build.0 = Debug|ARM
		{05CF2968-64DE-4F4F-9524-54E0C18A46A1}.Debug|Mixed Platforms.ActiveCfg = Debug|x86
		{05CF2968-64DE-4F4F-9524-54E0C18A46A1}.Debug|Mixed Platforms.Build.0 = Debug|x86
		{05CF2968-64DE-4F4F-9524-54E0C18A46A1}.Debug|Win32.ActiveCfg = Debug|x86
		{05CF2968-64DE-4F4F-9524-54E0C18A46A1}.Debug|Win32.Build.0 = Debug|x86
		{05CF2968-64DE-4F4F-9524-54E0C18A46A1}.Debug|x64.ActiveCfg = Debug|x64
		{05CF2968-64DE-4F4F-9524-54E0C18A46A1}.Debug|x64.Build.0 = Debug|x64
		{05CF2968-64DE-4F4F-9524-54E0C18A46A1}.Debug|x86.ActiveCfg = Debug|x86
		{05CF2968-64DE-4F4F-9524-54E0C18A46A1}.Debug|x86.Build.0 = Debug|x86
		{05CF2968-64DE-4F4F-9524-54E0C18A46A1}.Release|Any CPU.ActiveCfg = Release|Any CPU
		{05CF2968-64DE-4F4F-9524-54E0C18A46A1}.Release|Any CPU.Build.0 = Release|Any CPU
		{05CF2968-64DE-4F4F-9524-54E0C18A46A1}.Release|ARM.ActiveCfg = Release|ARM
		{05CF2968-64DE-4F4F-9524-54E0C18A46A1}.Release|ARM.Build.0 = Release|ARM
		{05CF2968-64DE-4F4F-9524-54E0C18A46A1}.Release|Mixed Platforms.ActiveCfg = Release|x86
		{05CF2968-64DE-4F4F-9524-54E0C18A46A1}.Release|Mixed Platforms.Build.0 = Release|x86
		{05CF2968-64DE-4F4F-9524-54E0C18A46A1}.Release|Win32.ActiveCfg = Release|x86
		{05CF2968-64DE-4F4F-9524-54E0C18A46A1}.Release|Win32.Build.0 = Release|x86
		{05CF2968-64DE-4F4F-9524-54E0C18A46A1}.Release|x64.ActiveCfg = Release|x64
		{05CF2968-64DE-4F4F-9524-54E0C18A46A1}.Release|x64.Build.0 = Release|x64
		{05CF2968-64DE-4F4F-9524-54E0C18A46A1}.Release|x86.ActiveCfg = Release|x86
		{05CF2968-64DE-4F4F-9524-54E0C18A46A1}.Release|x86.Build.0 = Release|x86
		{2B85E054-D76B-4D26-9B89-8B34E20A4A9E}.Debug|Any CPU.ActiveCfg = Debug|Any CPU
		{2B85E054-D76B-4D26-9B89-8B34E20A4A9E}.Debug|Any CPU.Build.0 = Debug|Any CPU
		{2B85E054-D76B-4D26-9B89-8B34E20A4A9E}.Debug|ARM.ActiveCfg = Debug|ARM
		{2B85E054-D76B-4D26-9B89-8B34E20A4A9E}.Debug|ARM.Build.0 = Debug|ARM
		{2B85E054-D76B-4D26-9B89-8B34E20A4A9E}.Debug|Mixed Platforms.ActiveCfg = Debug|x86
		{2B85E054-D76B-4D26-9B89-8B34E20A4A9E}.Debug|Mixed Platforms.Build.0 = Debug|x86
		{2B85E054-D76B-4D26-9B89-8B34E20A4A9E}.Debug|Win32.ActiveCfg = Debug|x86
		{2B85E054-D76B-4D26-9B89-8B34E20A4A9E}.Debug|Win32.Build.0 = Debug|x86
		{2B85E054-D76B-4D26-9B89-8B34E20A4A9E}.Debug|x64.ActiveCfg = Debug|x64
		{2B85E054-D76B-4D26-9B89-8B34E20A4A9E}.Debug|x64.Build.0 = Debug|x64
		{2B85E054-D76B-4D26-9B89-8B34E20A4A9E}.Debug|x86.ActiveCfg = Debug|x86
		{2B85E054-D76B-4D26-9B89-8B34E20A4A9E}.Debug|x86.Build.0 = Debug|x86
		{2B85E054-D76B-4D26-9B89-8B34E20A4A9E}.Release|Any CPU.ActiveCfg = Release|Any CPU
		{2B85E054-D76B-4D26-9B89-8B34E20A4A9E}.Release|Any CPU.Build.0 = Release|Any CPU
		{2B85E054-D76B-4D26-9B89-8B34E20A4A9E}.Release|ARM.ActiveCfg = Release|ARM
		{2B85E054-D76B-4D26-9B89-8B34E20A4A9E}.Release|ARM.Build.0 = Release|ARM
		{2B85E054-D76B-4D26-9B89-8B34E20A4A9E}.Release|Mixed Platforms.ActiveCfg = Release|x86
		{2B85E054-D76B-4D26-9B89-8B34E20A4A9E}.Release|Mixed Platforms.Build.0 = Release|x86
		{2B85E054-D76B-4D26-9B89-8B34E20A4A9E}.Release|Win32.ActiveCfg = Release|x86
		{2B85E054-D76B-4D26-9B89-8B34E20A4A9E}.Release|Win32.Build.0 = Release|x86
		{2B85E054-D76B-4D26-9B89-8B34E20A4A9E}.Release|x64.ActiveCfg = Release|x64
		{2B85E054-D76B-4D26-9B89-8B34E20A4A9E}.Release|x64.Build.0 = Release|x64
		{2B85E054-D76B-4D26-9B89-8B34E20A4A9E}.Release|x86.ActiveCfg = Release|x86
		{2B85E054-D76B-4D26-9B89-8B34E20A4A9E}.Release|x86.Build.0 = Release|x86
		{AE022815-C7B3-46C7-B444-3F488E44F6F8}.Debug|Any CPU.ActiveCfg = Debug|Any CPU
		{AE022815-C7B3-46C7-B444-3F488E44F6F8}.Debug|Any CPU.Build.0 = Debug|Any CPU
		{AE022815-C7B3-46C7-B444-3F488E44F6F8}.Debug|ARM.ActiveCfg = Debug|ARM
		{AE022815-C7B3-46C7-B444-3F488E44F6F8}.Debug|ARM.Build.0 = Debug|ARM
		{AE022815-C7B3-46C7-B444-3F488E44F6F8}.Debug|Mixed Platforms.ActiveCfg = Debug|x86
		{AE022815-C7B3-46C7-B444-3F488E44F6F8}.Debug|Mixed Platforms.Build.0 = Debug|x86
		{AE022815-C7B3-46C7-B444-3F488E44F6F8}.Debug|Win32.ActiveCfg = Debug|x86
		{AE022815-C7B3-46C7-B444-3F488E44F6F8}.Debug|Win32.Build.0 = Debug|x86
		{AE022815-C7B3-46C7-B444-3F488E44F6F8}.Debug|x64.ActiveCfg = Debug|x64
		{AE022815-C7B3-46C7-B444-3F488E44F6F8}.Debug|x64.Build.0 = Debug|x64
		{AE022815-C7B3-46C7-B444-3F488E44F6F8}.Debug|x86.ActiveCfg = Debug|x86
		{AE022815-C7B3-46C7-B444-3F488E44F6F8}.Debug|x86.Build.0 = Debug|x86
		{AE022815-C7B3-46C7-B444-3F488E44F6F8}.Release|Any CPU.ActiveCfg = Release|Any CPU
		{AE022815-C7B3-46C7-B444-3F488E44F6F8}.Release|Any CPU.Build.0 = Release|Any CPU
		{AE022815-C7B3-46C7-B444-3F488E44F6F8}.Release|ARM.ActiveCfg = Release|ARM
		{AE022815-C7B3-46C7-B444-3F488E44F6F8}.Release|ARM.Build.0 = Release|ARM
		{AE022815-C7B3-46C7-B444-3F488E44F6F8}.Release|Mixed Platforms.ActiveCfg = Release|x86
		{AE022815-C7B3-46C7-B444-3F488E44F6F8}.Release|Mixed Platforms.Build.0 = Release|x86
		{AE022815-C7B3-46C7-B444-3F488E44F6F8}.Release|Win32.ActiveCfg = Release|x86
		{AE022815-C7B3-46C7-B444-3F488E44F6F8}.Release|Win32.Build.0 = Release|x86
		{AE022815-C7B3-46C7-B444-3F488E44F6F8}.Release|x64.ActiveCfg = Release|x64
		{AE022815-C7B3-46C7-B444-3F488E44F6F8}.Release|x64.Build.0 = Release|x64
		{AE022815-C7B3-46C7-B444-3F488E44F6F8}.Release|x86.ActiveCfg = Release|x86
		{AE022815-C7B3-46C7-B444-3F488E44F6F8}.Release|x86.Build.0 = Release|x86
		{20BA4895-407D-4364-A3BC-58F6F4AF1978}.Debug|Any CPU.ActiveCfg = Debug|Win32
		{20BA4895-407D-4364-A3BC-58F6F4AF1978}.Debug|ARM.ActiveCfg = Debug|ARM
		{20BA4895-407D-4364-A3BC-58F6F4AF1978}.Debug|ARM.Build.0 = Debug|ARM
		{20BA4895-407D-4364-A3BC-58F6F4AF1978}.Debug|Mixed Platforms.ActiveCfg = Debug|Win32
		{20BA4895-407D-4364-A3BC-58F6F4AF1978}.Debug|Mixed Platforms.Build.0 = Debug|Win32
		{20BA4895-407D-4364-A3BC-58F6F4AF1978}.Debug|Win32.ActiveCfg = Debug|Win32
		{20BA4895-407D-4364-A3BC-58F6F4AF1978}.Debug|Win32.Build.0 = Debug|Win32
		{20BA4895-407D-4364-A3BC-58F6F4AF1978}.Debug|x64.ActiveCfg = Debug|x64
		{20BA4895-407D-4364-A3BC-58F6F4AF1978}.Debug|x64.Build.0 = Debug|x64
		{20BA4895-407D-4364-A3BC-58F6F4AF1978}.Debug|x86.ActiveCfg = Debug|Win32
		{20BA4895-407D-4364-A3BC-58F6F4AF1978}.Debug|x86.Build.0 = Debug|Win32
		{20BA4895-407D-4364-A3BC-58F6F4AF1978}.Release|Any CPU.ActiveCfg = Release|Win32
		{20BA4895-407D-4364-A3BC-58F6F4AF1978}.Release|ARM.ActiveCfg = Release|ARM
		{20BA4895-407D-4364-A3BC-58F6F4AF1978}.Release|ARM.Build.0 = Release|ARM
		{20BA4895-407D-4364-A3BC-58F6F4AF1978}.Release|Mixed Platforms.ActiveCfg = Release|Win32
		{20BA4895-407D-4364-A3BC-58F6F4AF1978}.Release|Mixed Platforms.Build.0 = Release|Win32
		{20BA4895-407D-4364-A3BC-58F6F4AF1978}.Release|Win32.ActiveCfg = Release|Win32
		{20BA4895-407D-4364-A3BC-58F6F4AF1978}.Release|Win32.Build.0 = Release|Win32
		{20BA4895-407D-4364-A3BC-58F6F4AF1978}.Release|x64.ActiveCfg = Release|x64
		{20BA4895-407D-4364-A3BC-58F6F4AF1978}.Release|x64.Build.0 = Release|x64
		{20BA4895-407D-4364-A3BC-58F6F4AF1978}.Release|x86.ActiveCfg = Release|Win32
		{20BA4895-407D-4364-A3BC-58F6F4AF1978}.Release|x86.Build.0 = Release|Win32
		{561EADB8-3E1F-4E2F-83BF-D0F7D0A1065E}.Debug|Any CPU.ActiveCfg = Debug|Any CPU
		{561EADB8-3E1F-4E2F-83BF-D0F7D0A1065E}.Debug|Any CPU.Build.0 = Debug|Any CPU
		{561EADB8-3E1F-4E2F-83BF-D0F7D0A1065E}.Debug|ARM.ActiveCfg = Debug|ARM
		{561EADB8-3E1F-4E2F-83BF-D0F7D0A1065E}.Debug|ARM.Build.0 = Debug|ARM
		{561EADB8-3E1F-4E2F-83BF-D0F7D0A1065E}.Debug|Mixed Platforms.ActiveCfg = Debug|x86
		{561EADB8-3E1F-4E2F-83BF-D0F7D0A1065E}.Debug|Mixed Platforms.Build.0 = Debug|x86
		{561EADB8-3E1F-4E2F-83BF-D0F7D0A1065E}.Debug|Win32.ActiveCfg = Debug|x86
		{561EADB8-3E1F-4E2F-83BF-D0F7D0A1065E}.Debug|Win32.Build.0 = Debug|x86
		{561EADB8-3E1F-4E2F-83BF-D0F7D0A1065E}.Debug|x64.ActiveCfg = Debug|x64
		{561EADB8-3E1F-4E2F-83BF-D0F7D0A1065E}.Debug|x64.Build.0 = Debug|x64
		{561EADB8-3E1F-4E2F-83BF-D0F7D0A1065E}.Debug|x86.ActiveCfg = Debug|x86
		{561EADB8-3E1F-4E2F-83BF-D0F7D0A1065E}.Debug|x86.Build.0 = Debug|x86
		{561EADB8-3E1F-4E2F-83BF-D0F7D0A1065E}.Release|Any CPU.ActiveCfg = Release|Any CPU
		{561EADB8-3E1F-4E2F-83BF-D0F7D0A1065E}.Release|Any CPU.Build.0 = Release|Any CPU
		{561EADB8-3E1F-4E2F-83BF-D0F7D0A1065E}.Release|ARM.ActiveCfg = Release|ARM
		{561EADB8-3E1F-4E2F-83BF-D0F7D0A1065E}.Release|ARM.Build.0 = Release|ARM
		{561EADB8-3E1F-4E2F-83BF-D0F7D0A1065E}.Release|Mixed Platforms.ActiveCfg = Release|x86
		{561EADB8-3E1F-4E2F-83BF-D0F7D0A1065E}.Release|Mixed Platforms.Build.0 = Release|x86
		{561EADB8-3E1F-4E2F-83BF-D0F7D0A1065E}.Release|Win32.ActiveCfg = Release|x86
		{561EADB8-3E1F-4E2F-83BF-D0F7D0A1065E}.Release|Win32.Build.0 = Release|x86
		{561EADB8-3E1F-4E2F-83BF-D0F7D0A1065E}.Release|x64.ActiveCfg = Release|x64
		{561EADB8-3E1F-4E2F-83BF-D0F7D0A1065E}.Release|x64.Build.0 = Release|x64
		{561EADB8-3E1F-4E2F-83BF-D0F7D0A1065E}.Release|x86.ActiveCfg = Release|x86
		{561EADB8-3E1F-4E2F-83BF-D0F7D0A1065E}.Release|x86.Build.0 = Release|x86
		{246ABEFC-4F81-4AA9-9CC2-5D84DFC64E33}.Debug|Any CPU.ActiveCfg = Debug|Any CPU
		{246ABEFC-4F81-4AA9-9CC2-5D84DFC64E33}.Debug|Any CPU.Build.0 = Debug|Any CPU
		{246ABEFC-4F81-4AA9-9CC2-5D84DFC64E33}.Debug|ARM.ActiveCfg = Debug|ARM
		{246ABEFC-4F81-4AA9-9CC2-5D84DFC64E33}.Debug|ARM.Build.0 = Debug|ARM
		{246ABEFC-4F81-4AA9-9CC2-5D84DFC64E33}.Debug|Mixed Platforms.ActiveCfg = Debug|x86
		{246ABEFC-4F81-4AA9-9CC2-5D84DFC64E33}.Debug|Mixed Platforms.Build.0 = Debug|x86
		{246ABEFC-4F81-4AA9-9CC2-5D84DFC64E33}.Debug|Win32.ActiveCfg = Debug|x86
		{246ABEFC-4F81-4AA9-9CC2-5D84DFC64E33}.Debug|Win32.Build.0 = Debug|x86
		{246ABEFC-4F81-4AA9-9CC2-5D84DFC64E33}.Debug|x64.ActiveCfg = Debug|x64
		{246ABEFC-4F81-4AA9-9CC2-5D84DFC64E33}.Debug|x64.Build.0 = Debug|x64
		{246ABEFC-4F81-4AA9-9CC2-5D84DFC64E33}.Debug|x86.ActiveCfg = Debug|x86
		{246ABEFC-4F81-4AA9-9CC2-5D84DFC64E33}.Debug|x86.Build.0 = Debug|x86
		{246ABEFC-4F81-4AA9-9CC2-5D84DFC64E33}.Release|Any CPU.ActiveCfg = Release|Any CPU
		{246ABEFC-4F81-4AA9-9CC2-5D84DFC64E33}.Release|Any CPU.Build.0 = Release|Any CPU
		{246ABEFC-4F81-4AA9-9CC2-5D84DFC64E33}.Release|ARM.ActiveCfg = Release|ARM
		{246ABEFC-4F81-4AA9-9CC2-5D84DFC64E33}.Release|ARM.Build.0 = Release|ARM
		{246ABEFC-4F81-4AA9-9CC2-5D84DFC64E33}.Release|Mixed Platforms.ActiveCfg = Release|x86
		{246ABEFC-4F81-4AA9-9CC2-5D84DFC64E33}.Release|Mixed Platforms.Build.0 = Release|x86
		{246ABEFC-4F81-4AA9-9CC2-5D84DFC64E33}.Release|Win32.ActiveCfg = Release|x86
		{246ABEFC-4F81-4AA9-9CC2-5D84DFC64E33}.Release|Win32.Build.0 = Release|x86
		{246ABEFC-4F81-4AA9-9CC2-5D84DFC64E33}.Release|x64.ActiveCfg = Release|x64
		{246ABEFC-4F81-4AA9-9CC2-5D84DFC64E33}.Release|x64.Build.0 = Release|x64
		{246ABEFC-4F81-4AA9-9CC2-5D84DFC64E33}.Release|x86.ActiveCfg = Release|x86
		{246ABEFC-4F81-4AA9-9CC2-5D84DFC64E33}.Release|x86.Build.0 = Release|x86
	EndGlobalSection
	GlobalSection(SolutionProperties) = preSolution
		HideSolutionNode = FALSE
	EndGlobalSection
EndGlobal
