
Microsoft Visual Studio Solution File, Format Version 12.00
# Visual Studio Express 2012 for Windows 8
Project("{FAE04EC0-301F-11D3-BF4B-00C04F79EFBC}") = "Reign.Core", "Reign.Core\Reign.Core.csproj", "{329D771A-B22D-41CE-ADB7-5131C9AC5382}"
EndProject
Project("{FAE04EC0-301F-11D3-BF4B-00C04F79EFBC}") = "Reign.Video", "Reign.Video\Reign.Video.csproj", "{3D046C74-B564-4624-9731-E5DBB99CBDD7}"
EndProject
Project("{FAE04EC0-301F-11D3-BF4B-00C04F79EFBC}") = "Reign.Video.D3D11", "Reign.Video.D3D11\Reign.Video.D3D11.csproj", "{EDA02D4D-3385-43B7-AAA6-FB0852B673A5}"
EndProject
Project("{8BC9CEB8-8B4A-11D0-8D11-00A0C91BC942}") = "Reign_Video_D3D11_Component", "Reign_Video_D3D11_Component\Reign_Video_D3D11_Component.vcxproj", "{8205AB2D-C1D3-458C-A672-5C65F712D9A8}"
EndProject
Project("{FAE04EC0-301F-11D3-BF4B-00C04F79EFBC}") = "Reign.Video.API", "Reign.Video.API\Reign.Video.API.csproj", "{D79CF63E-402F-430E-B9AE-CFE61D2F44DC}"
EndProject
Global
	GlobalSection(SolutionConfigurationPlatforms) = preSolution
		Debug|Any CPU = Debug|Any CPU
		Debug|ARM = Debug|ARM
		Debug|Mixed Platforms = Debug|Mixed Platforms
		Debug|Win32 = Debug|Win32
		Debug|x64 = Debug|x64
		Debug|x86 = Debug|x86
		Release|Any CPU = Release|Any CPU
		Release|ARM = Release|ARM
		Release|Mixed Platforms = Release|Mixed Platforms
		Release|Win32 = Release|Win32
		Release|x64 = Release|x64
		Release|x86 = Release|x86
	EndGlobalSection
	GlobalSection(ProjectConfigurationPlatforms) = postSolution
		{329D771A-B22D-41CE-ADB7-5131C9AC5382}.Debug|Any CPU.ActiveCfg = Debug|Any CPU
		{329D771A-B22D-41CE-ADB7-5131C9AC5382}.Debug|Any CPU.Build.0 = Debug|Any CPU
		{329D771A-B22D-41CE-ADB7-5131C9AC5382}.Debug|ARM.ActiveCfg = Debug|ARM
		{329D771A-B22D-41CE-ADB7-5131C9AC5382}.Debug|ARM.Build.0 = Debug|ARM
		{329D771A-B22D-41CE-ADB7-5131C9AC5382}.Debug|Mixed Platforms.ActiveCfg = Debug|x86
		{329D771A-B22D-41CE-ADB7-5131C9AC5382}.Debug|Mixed Platforms.Build.0 = Debug|x86
		{329D771A-B22D-41CE-ADB7-5131C9AC5382}.Debug|Win32.ActiveCfg = Debug|x86
		{329D771A-B22D-41CE-ADB7-5131C9AC5382}.Debug|Win32.Build.0 = Debug|x86
		{329D771A-B22D-41CE-ADB7-5131C9AC5382}.Debug|x64.ActiveCfg = Debug|x64
		{329D771A-B22D-41CE-ADB7-5131C9AC5382}.Debug|x64.Build.0 = Debug|x64
		{329D771A-B22D-41CE-ADB7-5131C9AC5382}.Debug|x86.ActiveCfg = Debug|x86
		{329D771A-B22D-41CE-ADB7-5131C9AC5382}.Debug|x86.Build.0 = Debug|x86
		{329D771A-B22D-41CE-ADB7-5131C9AC5382}.Release|Any CPU.ActiveCfg = Release|Any CPU
		{329D771A-B22D-41CE-ADB7-5131C9AC5382}.Release|Any CPU.Build.0 = Release|Any CPU
		{329D771A-B22D-41CE-ADB7-5131C9AC5382}.Release|ARM.ActiveCfg = Release|ARM
		{329D771A-B22D-41CE-ADB7-5131C9AC5382}.Release|ARM.Build.0 = Release|ARM
		{329D771A-B22D-41CE-ADB7-5131C9AC5382}.Release|Mixed Platforms.ActiveCfg = Release|x86
		{329D771A-B22D-41CE-ADB7-5131C9AC5382}.Release|Mixed Platforms.Build.0 = Release|x86
		{329D771A-B22D-41CE-ADB7-5131C9AC5382}.Release|Win32.ActiveCfg = Release|x86
		{329D771A-B22D-41CE-ADB7-5131C9AC5382}.Release|Win32.Build.0 = Release|x86
		{329D771A-B22D-41CE-ADB7-5131C9AC5382}.Release|x64.ActiveCfg = Release|x64
		{329D771A-B22D-41CE-ADB7-5131C9AC5382}.Release|x64.Build.0 = Release|x64
		{329D771A-B22D-41CE-ADB7-5131C9AC5382}.Release|x86.ActiveCfg = Release|x86
		{329D771A-B22D-41CE-ADB7-5131C9AC5382}.Release|x86.Build.0 = Release|x86
		{3D046C74-B564-4624-9731-E5DBB99CBDD7}.Debug|Any CPU.ActiveCfg = Debug|Any CPU
		{3D046C74-B564-4624-9731-E5DBB99CBDD7}.Debug|Any CPU.Build.0 = Debug|Any CPU
		{3D046C74-B564-4624-9731-E5DBB99CBDD7}.Debug|ARM.ActiveCfg = Debug|ARM
		{3D046C74-B564-4624-9731-E5DBB99CBDD7}.Debug|ARM.Build.0 = Debug|ARM
		{3D046C74-B564-4624-9731-E5DBB99CBDD7}.Debug|Mixed Platforms.ActiveCfg = Debug|x86
		{3D046C74-B564-4624-9731-E5DBB99CBDD7}.Debug|Mixed Platforms.Build.0 = Debug|x86
		{3D046C74-B564-4624-9731-E5DBB99CBDD7}.Debug|Win32.ActiveCfg = Debug|x86
		{3D046C74-B564-4624-9731-E5DBB99CBDD7}.Debug|Win32.Build.0 = Debug|x86
		{3D046C74-B564-4624-9731-E5DBB99CBDD7}.Debug|x64.ActiveCfg = Debug|x64
		{3D046C74-B564-4624-9731-E5DBB99CBDD7}.Debug|x64.Build.0 = Debug|x64
		{3D046C74-B564-4624-9731-E5DBB99CBDD7}.Debug|x86.ActiveCfg = Debug|x86
		{3D046C74-B564-4624-9731-E5DBB99CBDD7}.Debug|x86.Build.0 = Debug|x86
		{3D046C74-B564-4624-9731-E5DBB99CBDD7}.Release|Any CPU.ActiveCfg = Release|Any CPU
		{3D046C74-B564-4624-9731-E5DBB99CBDD7}.Release|Any CPU.Build.0 = Release|Any CPU
		{3D046C74-B564-4624-9731-E5DBB99CBDD7}.Release|ARM.ActiveCfg = Release|ARM
		{3D046C74-B564-4624-9731-E5DBB99CBDD7}.Release|ARM.Build.0 = Release|ARM
		{3D046C74-B564-4624-9731-E5DBB99CBDD7}.Release|Mixed Platforms.ActiveCfg = Release|x86
		{3D046C74-B564-4624-9731-E5DBB99CBDD7}.Release|Mixed Platforms.Build.0 = Release|x86
		{3D046C74-B564-4624-9731-E5DBB99CBDD7}.Release|Win32.ActiveCfg = Release|x86
		{3D046C74-B564-4624-9731-E5DBB99CBDD7}.Release|Win32.Build.0 = Release|x86
		{3D046C74-B564-4624-9731-E5DBB99CBDD7}.Release|x64.ActiveCfg = Release|x64
		{3D046C74-B564-4624-9731-E5DBB99CBDD7}.Release|x64.Build.0 = Release|x64
		{3D046C74-B564-4624-9731-E5DBB99CBDD7}.Release|x86.ActiveCfg = Release|x86
		{3D046C74-B564-4624-9731-E5DBB99CBDD7}.Release|x86.Build.0 = Release|x86
		{EDA02D4D-3385-43B7-AAA6-FB0852B673A5}.Debug|Any CPU.ActiveCfg = Debug|Any CPU
		{EDA02D4D-3385-43B7-AAA6-FB0852B673A5}.Debug|Any CPU.Build.0 = Debug|Any CPU
		{EDA02D4D-3385-43B7-AAA6-FB0852B673A5}.Debug|ARM.ActiveCfg = Debug|ARM
		{EDA02D4D-3385-43B7-AAA6-FB0852B673A5}.Debug|ARM.Build.0 = Debug|ARM
		{EDA02D4D-3385-43B7-AAA6-FB0852B673A5}.Debug|Mixed Platforms.ActiveCfg = Debug|x86
		{EDA02D4D-3385-43B7-AAA6-FB0852B673A5}.Debug|Mixed Platforms.Build.0 = Debug|x86
		{EDA02D4D-3385-43B7-AAA6-FB0852B673A5}.Debug|Win32.ActiveCfg = Debug|x86
		{EDA02D4D-3385-43B7-AAA6-FB0852B673A5}.Debug|Win32.Build.0 = Debug|x86
		{EDA02D4D-3385-43B7-AAA6-FB0852B673A5}.Debug|x64.ActiveCfg = Debug|x64
		{EDA02D4D-3385-43B7-AAA6-FB0852B673A5}.Debug|x64.Build.0 = Debug|x64
		{EDA02D4D-3385-43B7-AAA6-FB0852B673A5}.Debug|x86.ActiveCfg = Debug|x86
		{EDA02D4D-3385-43B7-AAA6-FB0852B673A5}.Debug|x86.Build.0 = Debug|x86
		{EDA02D4D-3385-43B7-AAA6-FB0852B673A5}.Release|Any CPU.ActiveCfg = Release|Any CPU
		{EDA02D4D-3385-43B7-AAA6-FB0852B673A5}.Release|Any CPU.Build.0 = Release|Any CPU
		{EDA02D4D-3385-43B7-AAA6-FB0852B673A5}.Release|ARM.ActiveCfg = Release|ARM
		{EDA02D4D-3385-43B7-AAA6-FB0852B673A5}.Release|ARM.Build.0 = Release|ARM
		{EDA02D4D-3385-43B7-AAA6-FB0852B673A5}.Release|Mixed Platforms.ActiveCfg = Release|x86
		{EDA02D4D-3385-43B7-AAA6-FB0852B673A5}.Release|Mixed Platforms.Build.0 = Release|x86
		{EDA02D4D-3385-43B7-AAA6-FB0852B673A5}.Release|Win32.ActiveCfg = Release|x86
		{EDA02D4D-3385-43B7-AAA6-FB0852B673A5}.Release|Win32.Build.0 = Release|x86
		{EDA02D4D-3385-43B7-AAA6-FB0852B673A5}.Release|x64.ActiveCfg = Release|x64
		{EDA02D4D-3385-43B7-AAA6-FB0852B673A5}.Release|x64.Build.0 = Release|x64
		{EDA02D4D-3385-43B7-AAA6-FB0852B673A5}.Release|x86.ActiveCfg = Release|x86
		{EDA02D4D-3385-43B7-AAA6-FB0852B673A5}.Release|x86.Build.0 = Release|x86
		{8205AB2D-C1D3-458C-A672-5C65F712D9A8}.Debug|Any CPU.ActiveCfg = Debug|Win32
		{8205AB2D-C1D3-458C-A672-5C65F712D9A8}.Debug|ARM.ActiveCfg = Debug|ARM
		{8205AB2D-C1D3-458C-A672-5C65F712D9A8}.Debug|ARM.Build.0 = Debug|ARM
		{8205AB2D-C1D3-458C-A672-5C65F712D9A8}.Debug|Mixed Platforms.ActiveCfg = Debug|Win32
		{8205AB2D-C1D3-458C-A672-5C65F712D9A8}.Debug|Mixed Platforms.Build.0 = Debug|Win32
		{8205AB2D-C1D3-458C-A672-5C65F712D9A8}.Debug|Win32.ActiveCfg = Debug|Win32
		{8205AB2D-C1D3-458C-A672-5C65F712D9A8}.Debug|Win32.Build.0 = Debug|Win32
		{8205AB2D-C1D3-458C-A672-5C65F712D9A8}.Debug|x64.ActiveCfg = Debug|x64
		{8205AB2D-C1D3-458C-A672-5C65F712D9A8}.Debug|x64.Build.0 = Debug|x64
		{8205AB2D-C1D3-458C-A672-5C65F712D9A8}.Debug|x86.ActiveCfg = Debug|Win32
		{8205AB2D-C1D3-458C-A672-5C65F712D9A8}.Debug|x86.Build.0 = Debug|Win32
		{8205AB2D-C1D3-458C-A672-5C65F712D9A8}.Release|Any CPU.ActiveCfg = Release|Win32
		{8205AB2D-C1D3-458C-A672-5C65F712D9A8}.Release|ARM.ActiveCfg = Release|ARM
		{8205AB2D-C1D3-458C-A672-5C65F712D9A8}.Release|ARM.Build.0 = Release|ARM
		{8205AB2D-C1D3-458C-A672-5C65F712D9A8}.Release|Mixed Platforms.ActiveCfg = Release|Win32
		{8205AB2D-C1D3-458C-A672-5C65F712D9A8}.Release|Mixed Platforms.Build.0 = Release|Win32
		{8205AB2D-C1D3-458C-A672-5C65F712D9A8}.Release|Win32.ActiveCfg = Release|Win32
		{8205AB2D-C1D3-458C-A672-5C65F712D9A8}.Release|Win32.Build.0 = Release|Win32
		{8205AB2D-C1D3-458C-A672-5C65F712D9A8}.Release|x64.ActiveCfg = Release|x64
		{8205AB2D-C1D3-458C-A672-5C65F712D9A8}.Release|x64.Build.0 = Release|x64
		{8205AB2D-C1D3-458C-A672-5C65F712D9A8}.Release|x86.ActiveCfg = Release|Win32
		{8205AB2D-C1D3-458C-A672-5C65F712D9A8}.Release|x86.Build.0 = Release|Win32
		{D79CF63E-402F-430E-B9AE-CFE61D2F44DC}.Debug|Any CPU.ActiveCfg = Debug|Any CPU
		{D79CF63E-402F-430E-B9AE-CFE61D2F44DC}.Debug|Any CPU.Build.0 = Debug|Any CPU
		{D79CF63E-402F-430E-B9AE-CFE61D2F44DC}.Debug|ARM.ActiveCfg = Debug|ARM
		{D79CF63E-402F-430E-B9AE-CFE61D2F44DC}.Debug|ARM.Build.0 = Debug|ARM
		{D79CF63E-402F-430E-B9AE-CFE61D2F44DC}.Debug|Mixed Platforms.ActiveCfg = Debug|x86
		{D79CF63E-402F-430E-B9AE-CFE61D2F44DC}.Debug|Mixed Platforms.Build.0 = Debug|x86
		{D79CF63E-402F-430E-B9AE-CFE61D2F44DC}.Debug|Win32.ActiveCfg = Debug|x86
		{D79CF63E-402F-430E-B9AE-CFE61D2F44DC}.Debug|Win32.Build.0 = Debug|x86
		{D79CF63E-402F-430E-B9AE-CFE61D2F44DC}.Debug|x64.ActiveCfg = Debug|x64
		{D79CF63E-402F-430E-B9AE-CFE61D2F44DC}.Debug|x64.Build.0 = Debug|x64
		{D79CF63E-402F-430E-B9AE-CFE61D2F44DC}.Debug|x86.ActiveCfg = Debug|x86
		{D79CF63E-402F-430E-B9AE-CFE61D2F44DC}.Debug|x86.Build.0 = Debug|x86
		{D79CF63E-402F-430E-B9AE-CFE61D2F44DC}.Release|Any CPU.ActiveCfg = Release|Any CPU
		{D79CF63E-402F-430E-B9AE-CFE61D2F44DC}.Release|Any CPU.Build.0 = Release|Any CPU
		{D79CF63E-402F-430E-B9AE-CFE61D2F44DC}.Release|ARM.ActiveCfg = Release|ARM
		{D79CF63E-402F-430E-B9AE-CFE61D2F44DC}.Release|ARM.Build.0 = Release|ARM
		{D79CF63E-402F-430E-B9AE-CFE61D2F44DC}.Release|Mixed Platforms.ActiveCfg = Release|x86
		{D79CF63E-402F-430E-B9AE-CFE61D2F44DC}.Release|Mixed Platforms.Build.0 = Release|x86
		{D79CF63E-402F-430E-B9AE-CFE61D2F44DC}.Release|Win32.ActiveCfg = Release|x86
		{D79CF63E-402F-430E-B9AE-CFE61D2F44DC}.Release|Win32.Build.0 = Release|x86
		{D79CF63E-402F-430E-B9AE-CFE61D2F44DC}.Release|x64.ActiveCfg = Release|x64
		{D79CF63E-402F-430E-B9AE-CFE61D2F44DC}.Release|x64.Build.0 = Release|x64
		{D79CF63E-402F-430E-B9AE-CFE61D2F44DC}.Release|x86.ActiveCfg = Release|x86
		{D79CF63E-402F-430E-B9AE-CFE61D2F44DC}.Release|x86.Build.0 = Release|x86
	EndGlobalSection
	GlobalSection(SolutionProperties) = preSolution
		HideSolutionNode = FALSE
	EndGlobalSection
EndGlobal
