
Microsoft Visual Studio Solution File, Format Version 11.00
# Visual Studio 2010
Project("{FAE04EC0-301F-11D3-BF4B-00C04F79EFBC}") = "Shaders", "Shaders\Shaders.csproj", "{AB6DCD35-2921-48E8-A350-CEFBCD0F7D9F}"
EndProject
Global
	GlobalSection(SolutionConfigurationPlatforms) = preSolution
		Debug|Any CPU = Debug|Any CPU
		Release|Any CPU = Release|Any CPU
	EndGlobalSection
	GlobalSection(ProjectConfigurationPlatforms) = postSolution
		{AB6DCD35-2921-48E8-A350-CEFBCD0F7D9F}.Debug|Any CPU.ActiveCfg = Debug|Any CPU
		{AB6DCD35-2921-48E8-A350-CEFBCD0F7D9F}.Debug|Any CPU.Build.0 = Debug|Any CPU
		{AB6DCD35-2921-48E8-A350-CEFBCD0F7D9F}.Release|Any CPU.ActiveCfg = Release|Any CPU
		{AB6DCD35-2921-48E8-A350-CEFBCD0F7D9F}.Release|Any CPU.Build.0 = Release|Any CPU
	EndGlobalSection
	GlobalSection(SolutionProperties) = preSolution
		HideSolutionNode = FALSE
	EndGlobalSection
EndGlobal
