<?xml version="1.0" encoding="utf-8"?>
<Project ToolsVersion="4.0" xmlns="http://schemas.microsoft.com/developer/msbuild/2003">
  <ItemGroup>
    <Filter Include="Buffers">
      <UniqueIdentifier>{109406e5-974b-48ff-98b1-055056215cef}</UniqueIdentifier>
    </Filter>
    <Filter Include="DepthStencil">
      <UniqueIdentifier>{1056a0fb-d44d-4e4d-baa6-0594e99be0e0}</UniqueIdentifier>
    </Filter>
    <Filter Include="Shaders">
      <UniqueIdentifier>{96a15cdf-7fbd-491f-b123-b2eba5d53b3a}</UniqueIdentifier>
    </Filter>
    <Filter Include="States">
      <UniqueIdentifier>{e8dcc926-3952-43e1-b341-c25459576ed3}</UniqueIdentifier>
    </Filter>
    <Filter Include="Textures">
      <UniqueIdentifier>{8d368f71-b24a-4f5a-97f2-ed0a8925141c}</UniqueIdentifier>
    </Filter>
    <Filter Include="ViewPort">
      <UniqueIdentifier>{8ab13dda-d081-44e0-9b20-448d40f147c7}</UniqueIdentifier>
    </Filter>
  </ItemGroup>
  <ItemGroup>
    <ClCompile Include="pch.cpp" />
    <ClCompile Include="..\..\Common\Reign_Video_D3D11_Component\Video.cpp" />
    <ClCompile Include="..\..\Common\CPP_CLR-CX_Helpers\Common.cpp" />
    <ClCompile Include="..\..\Common\Reign_Video_D3D11_Component\DepthStencil\DepthStencil.cpp">
      <Filter>DepthStencil</Filter>
    </ClCompile>
    <ClCompile Include="..\..\Common\Reign_Video_D3D11_Component\ViewPort\ViewPort.cpp">
      <Filter>ViewPort</Filter>
    </ClCompile>
    <ClCompile Include="..\..\Common\Reign_Video_D3D11_Component\Textures\RenderTarget.cpp">
      <Filter>Textures</Filter>
    </ClCompile>
    <ClCompile Include="..\..\Common\Reign_Video_D3D11_Component\Textures\Texture2D.cpp">
      <Filter>Textures</Filter>
    </ClCompile>
    <ClCompile Include="..\..\Common\Reign_Video_D3D11_Component\States\BlendState.cpp">
      <Filter>States</Filter>
    </ClCompile>
    <ClCompile Include="..\..\Common\Reign_Video_D3D11_Component\States\BlendStateDesc.cpp">
      <Filter>States</Filter>
    </ClCompile>
    <ClCompile Include="..\..\Common\Reign_Video_D3D11_Component\States\DepthStencilState.cpp">
      <Filter>States</Filter>
    </ClCompile>
    <ClCompile Include="..\..\Common\Reign_Video_D3D11_Component\States\DepthStencilStateDesc.cpp">
      <Filter>States</Filter>
    </ClCompile>
    <ClCompile Include="..\..\Common\Reign_Video_D3D11_Component\States\RasterizerState.cpp">
      <Filter>States</Filter>
    </ClCompile>
    <ClCompile Include="..\..\Common\Reign_Video_D3D11_Component\States\RasterizerStateDesc.cpp">
      <Filter>States</Filter>
    </ClCompile>
    <ClCompile Include="..\..\Common\Reign_Video_D3D11_Component\States\SamplerState.cpp">
      <Filter>States</Filter>
    </ClCompile>
    <ClCompile Include="..\..\Common\Reign_Video_D3D11_Component\States\SamplerStateDesc.cpp">
      <Filter>States</Filter>
    </ClCompile>
    <ClCompile Include="..\..\Common\Reign_Video_D3D11_Component\Shaders\PixelShader.cpp">
      <Filter>Shaders</Filter>
    </ClCompile>
    <ClCompile Include="..\..\Common\Reign_Video_D3D11_Component\Shaders\ShaderModel.cpp">
      <Filter>Shaders</Filter>
    </ClCompile>
    <ClCompile Include="..\..\Common\Reign_Video_D3D11_Component\Shaders\ShaderResource.cpp">
      <Filter>Shaders</Filter>
    </ClCompile>
    <ClCompile Include="..\..\Common\Reign_Video_D3D11_Component\Shaders\ShaderVariable.cpp">
      <Filter>Shaders</Filter>
    </ClCompile>
    <ClCompile Include="..\..\Common\Reign_Video_D3D11_Component\Shaders\VertexShader.cpp">
      <Filter>Shaders</Filter>
    </ClCompile>
    <ClCompile Include="..\..\Common\Reign_Video_D3D11_Component\Buffers\BufferLayout.cpp">
      <Filter>Buffers</Filter>
    </ClCompile>
    <ClCompile Include="..\..\Common\Reign_Video_D3D11_Component\Buffers\BufferLayoutDesc.cpp">
      <Filter>Buffers</Filter>
    </ClCompile>
    <ClCompile Include="..\..\Common\Reign_Video_D3D11_Component\Buffers\IndexBuffer.cpp">
      <Filter>Buffers</Filter>
    </ClCompile>
    <ClCompile Include="..\..\Common\Reign_Video_D3D11_Component\Buffers\VertexBuffer.cpp">
      <Filter>Buffers</Filter>
    </ClCompile>
  </ItemGroup>
  <ItemGroup>
    <ClInclude Include="pch.h" />
    <ClInclude Include="..\..\Common\Reign_Video_D3D11_Component\Video.h" />
    <ClInclude Include="..\..\Common\CPP_CLR-CX_Helpers\Common.h" />
    <ClInclude Include="..\..\Common\Reign_Video_D3D11_Component\DepthStencil\DepthStencil.h">
      <Filter>DepthStencil</Filter>
    </ClInclude>
    <ClInclude Include="..\..\Common\Reign_Video_D3D11_Component\ViewPort\ViewPort.h">
      <Filter>ViewPort</Filter>
    </ClInclude>
    <ClInclude Include="..\..\Common\Reign_Video_D3D11_Component\Textures\RenderTarget.h">
      <Filter>Textures</Filter>
    </ClInclude>
    <ClInclude Include="..\..\Common\Reign_Video_D3D11_Component\Textures\Texture2D.h">
      <Filter>Textures</Filter>
    </ClInclude>
    <ClInclude Include="..\..\Common\Reign_Video_D3D11_Component\States\BlendState.h">
      <Filter>States</Filter>
    </ClInclude>
    <ClInclude Include="..\..\Common\Reign_Video_D3D11_Component\States\DepthStencilState.h">
      <Filter>States</Filter>
    </ClInclude>
    <ClInclude Include="..\..\Common\Reign_Video_D3D11_Component\States\RasterizerState.h">
      <Filter>States</Filter>
    </ClInclude>
    <ClInclude Include="..\..\Common\Reign_Video_D3D11_Component\States\SamplerState.h">
      <Filter>States</Filter>
    </ClInclude>
    <ClInclude Include="..\..\Common\Reign_Video_D3D11_Component\Shaders\PixelShader.h">
      <Filter>Shaders</Filter>
    </ClInclude>
    <ClInclude Include="..\..\Common\Reign_Video_D3D11_Component\Shaders\ShaderModel.h">
      <Filter>Shaders</Filter>
    </ClInclude>
    <ClInclude Include="..\..\Common\Reign_Video_D3D11_Component\Shaders\ShaderResource.h">
      <Filter>Shaders</Filter>
    </ClInclude>
    <ClInclude Include="..\..\Common\Reign_Video_D3D11_Component\Shaders\ShaderVariable.h">
      <Filter>Shaders</Filter>
    </ClInclude>
    <ClInclude Include="..\..\Common\Reign_Video_D3D11_Component\Shaders\VertexShader.h">
      <Filter>Shaders</Filter>
    </ClInclude>
    <ClInclude Include="..\..\Common\Reign_Video_D3D11_Component\Buffers\BufferLayout.h">
      <Filter>Buffers</Filter>
    </ClInclude>
    <ClInclude Include="..\..\Common\Reign_Video_D3D11_Component\Buffers\IndexBuffer.h">
      <Filter>Buffers</Filter>
    </ClInclude>
    <ClInclude Include="..\..\Common\Reign_Video_D3D11_Component\Buffers\VertexBuffer.h">
      <Filter>Buffers</Filter>
    </ClInclude>
  </ItemGroup>
</Project>