
Microsoft Visual Studio Solution File, Format Version 11.00
# Visual Studio 2010
Project("{FAE04EC0-301F-11D3-BF4B-00C04F79EFBC}") = "ImageCompressor", "ImageCompressor\ImageCompressor.csproj", "{D1867416-3F19-4F6F-BE2B-C3BF6CF11679}"
EndProject
Global
	GlobalSection(SolutionConfigurationPlatforms) = preSolution
		Debug|x86 = Debug|x86
		Release|x86 = Release|x86
	EndGlobalSection
	GlobalSection(ProjectConfigurationPlatforms) = postSolution
		{D1867416-3F19-4F6F-BE2B-C3BF6CF11679}.Debug|x86.ActiveCfg = Debug|x86
		{D1867416-3F19-4F6F-BE2B-C3BF6CF11679}.Debug|x86.Build.0 = Debug|x86
		{D1867416-3F19-4F6F-BE2B-C3BF6CF11679}.Release|x86.ActiveCfg = Release|x86
		{D1867416-3F19-4F6F-BE2B-C3BF6CF11679}.Release|x86.Build.0 = Release|x86
	EndGlobalSection
	GlobalSection(SolutionProperties) = preSolution
		HideSolutionNode = FALSE
	EndGlobalSection
EndGlobal
