
Microsoft Visual Studio Solution File, Format Version 11.00
# Visual Studio 2010
Project("{FAE04EC0-301F-11D3-BF4B-00C04F79EFBC}") = "MonoDevelop.MonoNaCl", "MonoDevelop.MonoNaCl\MonoDevelop.MonoNaCl.csproj", "{49DFC40D-C27A-4230-A637-8D9669269586}"
EndProject
Global
	GlobalSection(SolutionConfigurationPlatforms) = preSolution
		Debug|Any CPU = Debug|Any CPU
		Release|Any CPU = Release|Any CPU
	EndGlobalSection
	GlobalSection(ProjectConfigurationPlatforms) = postSolution
		{49DFC40D-C27A-4230-A637-8D9669269586}.Debug|Any CPU.ActiveCfg = Debug|Any CPU
		{49DFC40D-C27A-4230-A637-8D9669269586}.Debug|Any CPU.Build.0 = Debug|Any CPU
		{49DFC40D-C27A-4230-A637-8D9669269586}.Release|Any CPU.ActiveCfg = Release|Any CPU
		{49DFC40D-C27A-4230-A637-8D9669269586}.Release|Any CPU.Build.0 = Release|Any CPU
	EndGlobalSection
	GlobalSection(MonoDevelopProperties) = preSolution
		StartupItem = MonoDevelop.MonoNaCl\MonoDevelop.MonoNaCl.csproj
	EndGlobalSection
EndGlobal
